// !$*UTF8*$!
{
	archiveVersion = 1;
	classes = {
	};
	objectVersion = 50;
	objects = {

/* Begin PBXBuildFile section */
		28BAB2C22241C8890001667C /* AppDelegate.swift in Sources */ = {isa = PBXBuildFile; fileRef = 28BAB2C12241C8890001667C /* AppDelegate.swift */; };
		28BAB2C42241C8890001667C /* ViewController.swift in Sources */ = {isa = PBXBuildFile; fileRef = 28BAB2C32241C8890001667C /* ViewController.swift */; };
		28BAB2C72241C8890001667C /* Main.storyboard in Resources */ = {isa = PBXBuildFile; fileRef = 28BAB2C52241C8890001667C /* Main.storyboard */; };
		28BAB2C92241C88D0001667C /* Assets.xcassets in Resources */ = {isa = PBXBuildFile; fileRef = 28BAB2C82241C88D0001667C /* Assets.xcassets */; };
		28BAB2CC2241C88D0001667C /* LaunchScreen.storyboard in Resources */ = {isa = PBXBuildFile; fileRef = 28BAB2CA2241C88D0001667C /* LaunchScreen.storyboard */; };
		28BAB2D62241CA460001667C /* Pods_封装AFNetWorking.framework in Frameworks */ = {isa = PBXBuildFile; fileRef = 28BAB2D52241CA460001667C /* Pods_封装AFNetWorking.framework */; };
		28BAB2D92241CA910001667C /* ZQHTTPManager.swift in Sources */ = {isa = PBXBuildFile; fileRef = 28BAB2D82241CA910001667C /* ZQHTTPManager.swift */; };
		28BAB2DB2241D4AC0001667C /* ZQHTTPManager+Extension.swift in Sources */ = {isa = PBXBuildFile; fileRef = 28BAB2DA2241D4AC0001667C /* ZQHTTPManager+Extension.swift */; };
/* End PBXBuildFile section */

/* Begin PBXFileReference section */
		0512E6D11077798F23583ACD /* Pods-封装AFNetWorking.release.xcconfig */ = {isa = PBXFileReference; includeInIndex = 1; lastKnownFileType = text.xcconfig; name = "Pods-封装AFNetWorking.release.xcconfig"; path = "Target Support Files/Pods-封装AFNetWorking/Pods-封装AFNetWorking.release.xcconfig"; sourceTree = "<group>"; };
		28BAB2BE2241C8890001667C /* 封装AFNetWorking.app */ = {isa = PBXFileReference; explicitFileType = wrapper.application; includeInIndex = 0; path = "封装AFNetWorking.app"; sourceTree = BUILT_PRODUCTS_DIR; };
		28BAB2C12241C8890001667C /* AppDelegate.swift */ = {isa = PBXFileReference; lastKnownFileType = sourcecode.swift; path = AppDelegate.swift; sourceTree = "<group>"; };
		28BAB2C32241C8890001667C /* ViewController.swift */ = {isa = PBXFileReference; lastKnownFileType = sourcecode.swift; path = ViewController.swift; sourceTree = "<group>"; };
		28BAB2C62241C8890001667C /* Base */ = {isa = PBXFileReference; lastKnownFileType = file.storyboard; name = Base; path = Base.lproj/Main.storyboard; sourceTree = "<group>"; };
		28BAB2C82241C88D0001667C /* Assets.xcassets */ = {isa = PBXFileReference; lastKnownFileType = folder.assetcatalog; path = Assets.xcassets; sourceTree = "<group>"; };
		28BAB2CB2241C88D0001667C /* Base */ = {isa = PBXFileReference; lastKnownFileType = file.storyboard; name = Base; path = Base.lproj/LaunchScreen.storyboard; sourceTree = "<group>"; };
		28BAB2CD2241C88D0001667C /* Info.plist */ = {isa = PBXFileReference; lastKnownFileType = text.plist.xml; path = Info.plist; sourceTree = "<group>"; };
		28BAB2D52241CA460001667C /* Pods_封装AFNetWorking.framework */ = {isa = PBXFileReference; explicitFileType = wrapper.framework; path = "Pods_封装AFNetWorking.framework"; sourceTree = BUILT_PRODUCTS_DIR; };
		28BAB2D82241CA910001667C /* ZQHTTPManager.swift */ = {isa = PBXFileReference; lastKnownFileType = sourcecode.swift; path = ZQHTTPManager.swift; sourceTree = "<group>"; };
		28BAB2DA2241D4AC0001667C /* ZQHTTPManager+Extension.swift */ = {isa = PBXFileReference; lastKnownFileType = sourcecode.swift; path = "ZQHTTPManager+Extension.swift"; sourceTree = "<group>"; };
		7609BC3BA7EB45F3278C1E77 /* Pods-封装AFNetWorking.debug.xcconfig */ = {isa = PBXFileReference; includeInIndex = 1; lastKnownFileType = text.xcconfig; name = "Pods-封装AFNetWorking.debug.xcconfig"; path = "Target Support Files/Pods-封装AFNetWorking/Pods-封装AFNetWorking.debug.xcconfig"; sourceTree = "<group>"; };
/* End PBXFileReference section */

/* Begin PBXFrameworksBuildPhase section */
		28BAB2BB2241C8890001667C /* Frameworks */ = {
			isa = PBXFrameworksBuildPhase;
			buildActionMask = 2147483647;
			files = (
				28BAB2D62241CA460001667C /* Pods_封装AFNetWorking.framework in Frameworks */,
			);
			runOnlyForDeploymentPostprocessing = 0;
		};
/* End PBXFrameworksBuildPhase section */

/* Begin PBXGroup section */
		28BAB2B52241C8890001667C = {
			isa = PBXGroup;
			children = (
				28BAB2C02241C8890001667C /* 封装AFNetWorking */,
				28BAB2BF2241C8890001667C /* Products */,
				8D26CBDC89DD59044DEC5EE1 /* Pods */,
				927F4F161C3114752CA86BF6 /* Frameworks */,
			);
			sourceTree = "<group>";
		};
		28BAB2BF2241C8890001667C /* Products */ = {
			isa = PBXGroup;
			children = (
				28BAB2BE2241C8890001667C /* 封装AFNetWorking.app */,
			);
			name = Products;
			sourceTree = "<group>";
		};
		28BAB2C02241C8890001667C /* 封装AFNetWorking */ = {
			isa = PBXGroup;
			children = (
				28BAB2D72241CA650001667C /* NetWork */,
				28BAB2C12241C8890001667C /* AppDelegate.swift */,
				28BAB2C32241C8890001667C /* ViewController.swift */,
				28BAB2C52241C8890001667C /* Main.storyboard */,
				28BAB2C82241C88D0001667C /* Assets.xcassets */,
				28BAB2CA2241C88D0001667C /* LaunchScreen.storyboard */,
				28BAB2CD2241C88D0001667C /* Info.plist */,
			);
			path = "封装AFNetWorking";
			sourceTree = "<group>";
		};
		28BAB2D72241CA650001667C /* NetWork */ = {
			isa = PBXGroup;
			children = (
				28BAB2D82241CA910001667C /* ZQHTTPManager.swift */,
				28BAB2DA2241D4AC0001667C /* ZQHTTPManager+Extension.swift */,
			);
			path = NetWork;
			sourceTree = "<group>";
		};
		8D26CBDC89DD59044DEC5EE1 /* Pods */ = {
			isa = PBXGroup;
			children = (
				7609BC3BA7EB45F3278C1E77 /* Pods-封装AFNetWorking.debug.xcconfig */,
				0512E6D11077798F23583ACD /* Pods-封装AFNetWorking.release.xcconfig */,
			);
			path = Pods;
			sourceTree = "<group>";
		};
		927F4F161C3114752CA86BF6 /* Frameworks */ = {
			isa = PBXGroup;
			children = (
				28BAB2D52241CA460001667C /* Pods_封装AFNetWorking.framework */,
			);
			name = Frameworks;
			sourceTree = "<group>";
		};
/* End PBXGroup section */

/* Begin PBXNativeTarget section */
		28BAB2BD2241C8890001667C /* 封装AFNetWorking */ = {
			isa = PBXNativeTarget;
			buildConfigurationList = 28BAB2D02241C88D0001667C /* Build configuration list for PBXNativeTarget "封装AFNetWorking" */;
			buildPhases = (
				1A67EE51FD0619FC822A49DB /* [CP] Check Pods Manifest.lock */,
				28BAB2BA2241C8890001667C /* Sources */,
				28BAB2BB2241C8890001667C /* Frameworks */,
				28BAB2BC2241C8890001667C /* Resources */,
				61C630060F91A3FF59AE7535 /* [CP] Embed Pods Frameworks */,
			);
			buildRules = (
			);
			dependencies = (
			);
			name = "封装AFNetWorking";
			productName = "封装AFNetWorking";
			productReference = 28BAB2BE2241C8890001667C /* 封装AFNetWorking.app */;
			productType = "com.apple.product-type.application";
		};
/* End PBXNativeTarget section */

/* Begin PBXProject section */
		28BAB2B62241C8890001667C /* Project object */ = {
			isa = PBXProject;
			attributes = {
				LastSwiftUpdateCheck = 1010;
				LastUpgradeCheck = 1010;
				ORGANIZATIONNAME = ZQ;
				TargetAttributes = {
					28BAB2BD2241C8890001667C = {
						CreatedOnToolsVersion = 10.1;
					};
				};
			};
			buildConfigurationList = 28BAB2B92241C8890001667C /* Build configuration list for PBXProject "封装AFNetWorking" */;
			compatibilityVersion = "Xcode 9.3";
			developmentRegion = en;
			hasScannedForEncodings = 0;
			knownRegions = (
				en,
				Base,
			);
			mainGroup = 28BAB2B52241C8890001667C;
			productRefGroup = 28BAB2BF2241C8890001667C /* Products */;
			projectDirPath = "";
			projectRoot = "";
			targets = (
				28BAB2BD2241C8890001667C /* 封装AFNetWorking */,
			);
		};
/* End PBXProject section */

/* Begin PBXResourcesBuildPhase section */
		28BAB2BC2241C8890001667C /* Resources */ = {
			isa = PBXResourcesBuildPhase;
			buildActionMask = 2147483647;
			files = (
				28BAB2CC2241C88D0001667C /* LaunchScreen.storyboard in Resources */,
				28BAB2C92241C88D0001667C /* Assets.xcassets in Resources */,
				28BAB2C72241C8890001667C /* Main.storyboard in Resources */,
			);
			runOnlyForDeploymentPostprocessing = 0;
		};
/* End PBXResourcesBuildPhase section */

/* Begin PBXShellScriptBuildPhase section */
		1A67EE51FD0619FC822A49DB /* [CP] Check Pods Manifest.lock */ = {
			isa = PBXShellScriptBuildPhase;
			buildActionMask = 2147483647;
			files = (
			);
			inputFileListPaths = (
			);
			inputPaths = (
				"${PODS_PODFILE_DIR_PATH}/Podfile.lock",
				"${PODS_ROOT}/Manifest.lock",
			);
			name = "[CP] Check Pods Manifest.lock";
			outputFileListPaths = (
			);
			outputPaths = (
				"$(DERIVED_FILE_DIR)/Pods-封装AFNetWorking-checkManifestLockResult.txt",
			);
			runOnlyForDeploymentPostprocessing = 0;
			shellPath = /bin/sh;
			shellScript = "diff \"${PODS_PODFILE_DIR_PATH}/Podfile.lock\" \"${PODS_ROOT}/Manifest.lock\" > /dev/null\nif [ $? != 0 ] ; then\n    # print error to STDERR\n    echo \"error: The sandbox is not in sync with the Podfile.lock. Run 'pod install' or update your CocoaPods installation.\" >&2\n    exit 1\nfi\n# This output is used by Xcode 'outputs' to avoid re-running this script phase.\necho \"SUCCESS\" > \"${SCRIPT_OUTPUT_FILE_0}\"\n";
			showEnvVarsInLog = 0;
		};
		61C630060F91A3FF59AE7535 /* [CP] Embed Pods Frameworks */ = {
			isa = PBXShellScriptBuildPhase;
			buildActionMask = 2147483647;
			files = (
			);
			inputFileListPaths = (
			);
			inputPaths = (
				"${PODS_ROOT}/Target Support Files/Pods-封装AFNetWorking/Pods-封装AFNetWorking-frameworks.sh",
				"${BUILT_PRODUCTS_DIR}/AFNetworking/AFNetworking.framework",
			);
			name = "[CP] Embed Pods Frameworks";
			outputFileListPaths = (
			);
			outputPaths = (
				"${TARGET_BUILD_DIR}/${FRAMEWORKS_FOLDER_PATH}/AFNetworking.framework",
			);
			runOnlyForDeploymentPostprocessing = 0;
			shellPath = /bin/sh;
			shellScript = "\"${PODS_ROOT}/Target Support Files/Pods-封装AFNetWorking/Pods-封装AFNetWorking-frameworks.sh\"\n";
			showEnvVarsInLog = 0;
		};
/* End PBXShellScriptBuildPhase section */

/* Begin PBXSourcesBuildPhase section */
		28BAB2BA2241C8890001667C /* Sources */ = {
			isa = PBXSourcesBuildPhase;
			buildActionMask = 2147483647;
			files = (
				28BAB2D92241CA910001667C /* ZQHTTPManager.swift in Sources */,
				28BAB2C42241C8890001667C /* ViewController.swift in Sources */,
				28BAB2DB2241D4AC0001667C /* ZQHTTPManager+Extension.swift in Sources */,
				28BAB2C22241C8890001667C /* AppDelegate.swift in Sources */,
			);
			runOnlyForDeploymentPostprocessing = 0;
		};
/* End PBXSourcesBuildPhase section */

/* Begin PBXVariantGroup section */
		28BAB2C52241C8890001667C /* Main.storyboard */ = {
			isa = PBXVariantGroup;
			children = (
				28BAB2C62241C8890001667C /* Base */,
			);
			name = Main.storyboard;
			sourceTree = "<group>";
		};
		28BAB2CA2241C88D0001667C /* LaunchScreen.storyboard */ = {
			isa = PBXVariantGroup;
			children = (
				28BAB2CB2241C88D0001667C /* Base */,
			);
			name = LaunchScreen.storyboard;
			sourceTree = "<group>";
		};
/* End PBXVariantGroup section */

/* Begin XCBuildConfiguration section */
		28BAB2CE2241C88D0001667C /* Debug */ = {
			isa = XCBuildConfiguration;
			buildSettings = {
				ALWAYS_SEARCH_USER_PATHS = NO;
				CLANG_ANALYZER_NONNULL = YES;
				CLANG_ANALYZER_NUMBER_OBJECT_CONVERSION = YES_AGGRESSIVE;
				CLANG_CXX_LANGUAGE_STANDARD = "gnu++14";
				CLANG_CXX_LIBRARY = "libc++";
				CLANG_ENABLE_MODULES = YES;
				CLANG_ENABLE_OBJC_ARC = YES;
				CLANG_ENABLE_OBJC_WEAK = YES;
				CLANG_WARN_BLOCK_CAPTURE_AUTORELEASING = YES;
				CLANG_WARN_BOOL_CONVERSION = YES;
				CLANG_WARN_COMMA = YES;
				CLANG_WARN_CONSTANT_CONVERSION = YES;
				CLANG_WARN_DEPRECATED_OBJC_IMPLEMENTATIONS = YES;
				CLANG_WARN_DIRECT_OBJC_ISA_USAGE = YES_ERROR;
				CLANG_WARN_DOCUMENTATION_COMMENTS = YES;
				CLANG_WARN_EMPTY_BODY = YES;
				CLANG_WARN_ENUM_CONVERSION = YES;
				CLANG_WARN_INFINITE_RECURSION = YES;
				CLANG_WARN_INT_CONVERSION = YES;
				CLANG_WARN_NON_LITERAL_NULL_CONVERSION = YES;
				CLANG_WARN_OBJC_IMPLICIT_RETAIN_SELF = YES;
				CLANG_WARN_OBJC_LITERAL_CONVERSION = YES;
				CLANG_WARN_OBJC_ROOT_CLASS = YES_ERROR;
				CLANG_WARN_RANGE_LOOP_ANALYSIS = YES;
				CLANG_WARN_STRICT_PROTOTYPES = YES;
				CLANG_WARN_SUSPICIOUS_MOVE = YES;
				CLANG_WARN_UNGUARDED_AVAILABILITY = YES_AGGRESSIVE;
				CLANG_WARN_UNREACHABLE_CODE = YES;
				CLANG_WARN__DUPLICATE_METHOD_MATCH = YES;
				CODE_SIGN_IDENTITY = "iPhone Developer";
				COPY_PHASE_STRIP = NO;
				DEBUG_INFORMATION_FORMAT = dwarf;
				ENABLE_STRICT_OBJC_MSGSEND = YES;
				ENABLE_TESTABILITY = YES;
				GCC_C_LANGUAGE_STANDARD = gnu11;
				GCC_DYNAMIC_NO_PIC = NO;
				GCC_NO_COMMON_BLOCKS = YES;
				GCC_OPTIMIZATION_LEVEL = 0;
				GCC_PREPROCESSOR_DEFINITIONS = (
					"DEBUG=1",
					"$(inherited)",
				);
				GCC_WARN_64_TO_32_BIT_CONVERSION = YES;
				GCC_WARN_ABOUT_RETURN_TYPE = YES_ERROR;
				GCC_WARN_UNDECLARED_SELECTOR = YES;
				GCC_WARN_UNINITIALIZED_AUTOS = YES_AGGRESSIVE;
				GCC_WARN_UNUSED_FUNCTION = YES;
				GCC_WARN_UNUSED_VARIABLE = YES;
				IPHONEOS_DEPLOYMENT_TARGET = 12.1;
				MTL_ENABLE_DEBUG_INFO = INCLUDE_SOURCE;
				MTL_FAST_MATH = YES;
				ONLY_ACTIVE_ARCH = YES;
				SDKROOT = iphoneos;
				SWIFT_ACTIVE_COMPILATION_CONDITIONS = DEBUG;
				SWIFT_OPTIMIZATION_LEVEL = "-Onone";
			};
			name = Debug;
		};
		28BAB2CF2241C88D0001667C /* Release */ = {
			isa = XCBuildConfiguration;
			buildSettings = {
				ALWAYS_SEARCH_USER_PATHS = NO;
				CLANG_ANALYZER_NONNULL = YES;
				CLANG_ANALYZER_NUMBER_OBJECT_CONVERSION = YES_AGGRESSIVE;
				CLANG_CXX_LANGUAGE_STANDARD = "gnu++14";
				CLANG_CXX_LIBRARY = "libc++";
				CLANG_ENABLE_MODULES = YES;
				CLANG_ENABLE_OBJC_ARC = YES;
				CLANG_ENABLE_OBJC_WEAK = YES;
				CLANG_WARN_BLOCK_CAPTURE_AUTORELEASING = YES;
				CLANG_WARN_BOOL_CONVERSION = YES;
				CLANG_WARN_COMMA = YES;
				CLANG_WARN_CONSTANT_CONVERSION = YES;
				CLANG_WARN_DEPRECATED_OBJC_IMPLEMENTATIONS = YES;
				CLANG_WARN_DIRECT_OBJC_ISA_USAGE = YES_ERROR;
				CLANG_WARN_DOCUMENTATION_COMMENTS = YES;
				CLANG_WARN_EMPTY_BODY = YES;
				CLANG_WARN_ENUM_CONVERSION = YES;
				CLANG_WARN_INFINITE_RECURSION = YES;
				CLANG_WARN_INT_CONVERSION = YES;
				CLANG_WARN_NON_LITERAL_NULL_CONVERSION = YES;
				CLANG_WARN_OBJC_IMPLICIT_RETAIN_SELF = YES;
				CLANG_WARN_OBJC_LITERAL_CONVERSION = YES;
				CLANG_WARN_OBJC_ROOT_CLASS = YES_ERROR;
				CLANG_WARN_RANGE_LOOP_ANALYSIS = YES;
				CLANG_WARN_STRICT_PROTOTYPES = YES;
				CLANG_WARN_SUSPICIOUS_MOVE = YES;
				CLANG_WARN_UNGUARDED_AVAILABILITY = YES_AGGRESSIVE;
				CLANG_WARN_UNREACHABLE_CODE = YES;
				CLANG_WARN__DUPLICATE_METHOD_MATCH = YES;
				CODE_SIGN_IDENTITY = "iPhone Developer";
				COPY_PHASE_STRIP = NO;
				DEBUG_INFORMATION_FORMAT = "dwarf-with-dsym";
				ENABLE_NS_ASSERTIONS = NO;
				ENABLE_STRICT_OBJC_MSGSEND = YES;
				GCC_C_LANGUAGE_STANDARD = gnu11;
				GCC_NO_COMMON_BLOCKS = YES;
				GCC_WARN_64_TO_32_BIT_CONVERSION = YES;
				GCC_WARN_ABOUT_RETURN_TYPE = YES_ERROR;
				GCC_WARN_UNDECLARED_SELECTOR = YES;
				GCC_WARN_UNINITIALIZED_AUTOS = YES_AGGRESSIVE;
				GCC_WARN_UNUSED_FUNCTION = YES;
				GCC_WARN_UNUSED_VARIABLE = YES;
				IPHONEOS_DEPLOYMENT_TARGET = 12.1;
				MTL_ENABLE_DEBUG_INFO = NO;
				MTL_FAST_MATH = YES;
				SDKROOT = iphoneos;
				SWIFT_COMPILATION_MODE = wholemodule;
				SWIFT_OPTIMIZATION_LEVEL = "-O";
				VALIDATE_PRODUCT = YES;
			};
			name = Release;
		};
		28BAB2D12241C88D0001667C /* Debug */ = {
			isa = XCBuildConfiguration;
			baseConfigurationReference = 7609BC3BA7EB45F3278C1E77 /* Pods-封装AFNetWorking.debug.xcconfig */;
			buildSettings = {
				ASSETCATALOG_COMPILER_APPICON_NAME = AppIcon;
				CODE_SIGN_STYLE = Automatic;
				DEVELOPMENT_TEAM = 6E5UP45M2S;
				INFOPLIST_FILE = "封装AFNetWorking/Info.plist";
				LD_RUNPATH_SEARCH_PATHS = (
					"$(inherited)",
					"@executable_path/Frameworks",
				);
				PRODUCT_BUNDLE_IDENTIFIER = "didikon.--AFNetWorking";
				PRODUCT_NAME = "$(TARGET_NAME)";
				SWIFT_VERSION = 4.2;
				TARGETED_DEVICE_FAMILY = "1,2";
			};
			name = Debug;
		};
		28BAB2D22241C88D0001667C /* Release */ = {
			isa = XCBuildConfiguration;
			baseConfigurationReference = 0512E6D11077798F23583ACD /* Pods-封装AFNetWorking.release.xcconfig */;
			buildSettings = {
				ASSETCATALOG_COMPILER_APPICON_NAME = AppIcon;
				CODE_SIGN_STYLE = Automatic;
				DEVELOPMENT_TEAM = 6E5UP45M2S;
				INFOPLIST_FILE = "封装AFNetWorking/Info.plist";
				LD_RUNPATH_SEARCH_PATHS = (
					"$(inherited)",
					"@executable_path/Frameworks",
				);
				PRODUCT_BUNDLE_IDENTIFIER = "didikon.--AFNetWorking";
				PRODUCT_NAME = "$(TARGET_NAME)";
				SWIFT_VERSION = 4.2;
				TARGETED_DEVICE_FAMILY = "1,2";
			};
			name = Release;
		};
/* End XCBuildConfiguration section */

/* Begin XCConfigurationList section */
		28BAB2B92241C8890001667C /* Build configuration list for PBXProject "封装AFNetWorking" */ = {
			isa = XCConfigurationList;
			buildConfigurations = (
				28BAB2CE2241C88D0001667C /* Debug */,
				28BAB2CF2241C88D0001667C /* Release */,
			);
			defaultConfigurationIsVisible = 0;
			defaultConfigurationName = Release;
		};
		28BAB2D02241C88D0001667C /* Build configuration list for PBXNativeTarget "封装AFNetWorking" */ = {
			isa = XCConfigurationList;
			buildConfigurations = (
				28BAB2D12241C88D0001667C /* Debug */,
				28BAB2D22241C88D0001667C /* Release */,
			);
			defaultConfigurationIsVisible = 0;
			defaultConfigurationName = Release;
		};
/* End XCConfigurationList section */
	};
	rootObject = 28BAB2B62241C8890001667C /* Project object */;
}
